// !$*UTF8*$!
{
	archiveVersion = 1;
	classes = {
	};
	objectVersion = 56;
	objects = {

/* Begin PBXBuildFile section */
		53665C462BDE7B5200B7419D /* HomeView.swift in Sources */ = {isa = PBXBuildFile; fileRef = 53665C452BDE7B5200B7419D /* HomeView.swift */; };
		53665C492BDE983C00B7419D /* ResultOneView.swift in Sources */ = {isa = PBXBuildFile; fileRef = 53665C482BDE983C00B7419D /* ResultOneView.swift */; };
		53665C4B2BDF24F400B7419D /* WinnerView.swift in Sources */ = {isa = PBXBuildFile; fileRef = 53665C4A2BDF24F400B7419D /* WinnerView.swift */; };
		53665C4E2BDF725E00B7419D /* ResultTwoView.swift in Sources */ = {isa = PBXBuildFile; fileRef = 53665C4D2BDF725E00B7419D /* ResultTwoView.swift */; };
		53665C512BDF930900B7419D /* ResultThreeView.swift in Sources */ = {isa = PBXBuildFile; fileRef = 53665C502BDF930900B7419D /* ResultThreeView.swift */; };
		53665C532BDF9CEA00B7419D /* ResultFourView.swift in Sources */ = {isa = PBXBuildFile; fileRef = 53665C522BDF9CEA00B7419D /* ResultFourView.swift */; };
		53665C552BDF9F7900B7419D /* backgroundMusic.mp4 in Resources */ = {isa = PBXBuildFile; fileRef = 53665C542BDF9F7900B7419D /* backgroundMusic.mp4 */; };
		53665C572BDFA16600B7419D /* AudioManager.swift in Sources */ = {isa = PBXBuildFile; fileRef = 53665C562BDFA16600B7419D /* AudioManager.swift */; };
		53665C5D2BDFF3A700B7419D /* CameraView.swift in Sources */ = {isa = PBXBuildFile; fileRef = 53665C5C2BDFF3A700B7419D /* CameraView.swift */; };
		53764ADA2BD7F1C30066E371 /* Color_HuntApp.swift in Sources */ = {isa = PBXBuildFile; fileRef = 53764AD92BD7F1C30066E371 /* Color_HuntApp.swift */; };
		53764ADC2BD7F1C30066E371 /* StartView.swift in Sources */ = {isa = PBXBuildFile; fileRef = 53764ADB2BD7F1C30066E371 /* StartView.swift */; };
		53764ADE2BD7F1C40066E371 /* Assets.xcassets in Resources */ = {isa = PBXBuildFile; fileRef = 53764ADD2BD7F1C40066E371 /* Assets.xcassets */; };
		53764AE12BD7F1C40066E371 /* Preview Assets.xcassets in Resources */ = {isa = PBXBuildFile; fileRef = 53764AE02BD7F1C40066E371 /* Preview Assets.xcassets */; };
		53764AEA2BD7F7450066E371 /* PlayView.swift in Sources */ = {isa = PBXBuildFile; fileRef = 53764AE92BD7F7450066E371 /* PlayView.swift */; };
		53764AED2BD8D0B30066E371 /* ColorKit in Frameworks */ = {isa = PBXBuildFile; productRef = 53764AEC2BD8D0B30066E371 /* ColorKit */; };
		539A17662BDB7A08002A46F2 /* PlayerNumberView.swift in Sources */ = {isa = PBXBuildFile; fileRef = 539A17652BDB7A08002A46F2 /* PlayerNumberView.swift */; };
		539A17682BDB8F21002A46F2 /* PlayerTransitionView.swift in Sources */ = {isa = PBXBuildFile; fileRef = 539A17672BDB8F21002A46F2 /* PlayerTransitionView.swift */; };
		539A176D2BDB9744002A46F2 /* Result.swift in Sources */ = {isa = PBXBuildFile; fileRef = 539A176C2BDB9744002A46F2 /* Result.swift */; };
		539A17752BDBA2A4002A46F2 /* PlayViewModel.swift in Sources */ = {isa = PBXBuildFile; fileRef = 539A17742BDBA2A4002A46F2 /* PlayViewModel.swift */; };
		539A17792BDD125F002A46F2 /* PlayerTurnView.swift in Sources */ = {isa = PBXBuildFile; fileRef = 539A17782BDD125F002A46F2 /* PlayerTurnView.swift */; };
/* End PBXBuildFile section */

/* Begin PBXFileReference section */
		53665C452BDE7B5200B7419D /* HomeView.swift */ = {isa = PBXFileReference; lastKnownFileType = sourcecode.swift; path = HomeView.swift; sourceTree = "<group>"; };
		53665C482BDE983C00B7419D /* ResultOneView.swift */ = {isa = PBXFileReference; lastKnownFileType = sourcecode.swift; path = ResultOneView.swift; sourceTree = "<group>"; };
		53665C4A2BDF24F400B7419D /* WinnerView.swift */ = {isa = PBXFileReference; lastKnownFileType = sourcecode.swift; path = WinnerView.swift; sourceTree = "<group>"; };
		53665C4D2BDF725E00B7419D /* ResultTwoView.swift */ = {isa = PBXFileReference; lastKnownFileType = sourcecode.swift; path = ResultTwoView.swift; sourceTree = "<group>"; };
		53665C4F2BDF907800B7419D /* Info.plist */ = {isa = PBXFileReference; lastKnownFileType = text.plist; path = Info.plist; sourceTree = "<group>"; };
		53665C502BDF930900B7419D /* ResultThreeView.swift */ = {isa = PBXFileReference; lastKnownFileType = sourcecode.swift; path = ResultThreeView.swift; sourceTree = "<group>"; };
		53665C522BDF9CEA00B7419D /* ResultFourView.swift */ = {isa = PBXFileReference; lastKnownFileType = sourcecode.swift; path = ResultFourView.swift; sourceTree = "<group>"; };
		53665C542BDF9F7900B7419D /* backgroundMusic.mp4 */ = {isa = PBXFileReference; lastKnownFileType = file; path = backgroundMusic.mp4; sourceTree = "<group>"; };
		53665C562BDFA16600B7419D /* AudioManager.swift */ = {isa = PBXFileReference; lastKnownFileType = sourcecode.swift; path = AudioManager.swift; sourceTree = "<group>"; };
		53665C5C2BDFF3A700B7419D /* CameraView.swift */ = {isa = PBXFileReference; lastKnownFileType = sourcecode.swift; path = CameraView.swift; sourceTree = "<group>"; };
		53764AD62BD7F1C30066E371 /* Color-Hunt.app */ = {isa = PBXFileReference; explicitFileType = wrapper.application; includeInIndex = 0; path = "Color-Hunt.app"; sourceTree = BUILT_PRODUCTS_DIR; };
		53764AD92BD7F1C30066E371 /* Color_HuntApp.swift */ = {isa = PBXFileReference; lastKnownFileType = sourcecode.swift; path = Color_HuntApp.swift; sourceTree = "<group>"; };
		53764ADB2BD7F1C30066E371 /* StartView.swift */ = {isa = PBXFileReference; lastKnownFileType = sourcecode.swift; path = StartView.swift; sourceTree = "<group>"; };
		53764ADD2BD7F1C40066E371 /* Assets.xcassets */ = {isa = PBXFileReference; lastKnownFileType = folder.assetcatalog; path = Assets.xcassets; sourceTree = "<group>"; };
		53764AE02BD7F1C40066E371 /* Preview Assets.xcassets */ = {isa = PBXFileReference; lastKnownFileType = folder.assetcatalog; path = "Preview Assets.xcassets"; sourceTree = "<group>"; };
		53764AE92BD7F7450066E371 /* PlayView.swift */ = {isa = PBXFileReference; lastKnownFileType = sourcecode.swift; path = PlayView.swift; sourceTree = "<group>"; };
		539A17652BDB7A08002A46F2 /* PlayerNumberView.swift */ = {isa = PBXFileReference; lastKnownFileType = sourcecode.swift; path = PlayerNumberView.swift; sourceTree = "<group>"; };
		539A17672BDB8F21002A46F2 /* PlayerTransitionView.swift */ = {isa = PBXFileReference; lastKnownFileType = sourcecode.swift; path = PlayerTransitionView.swift; sourceTree = "<group>"; };
		539A176C2BDB9744002A46F2 /* Result.swift */ = {isa = PBXFileReference; lastKnownFileType = sourcecode.swift; path = Result.swift; sourceTree = "<group>"; };
		539A17742BDBA2A4002A46F2 /* PlayViewModel.swift */ = {isa = PBXFileReference; lastKnownFileType = sourcecode.swift; path = PlayViewModel.swift; sourceTree = "<group>"; };
		539A17782BDD125F002A46F2 /* PlayerTurnView.swift */ = {isa = PBXFileReference; lastKnownFileType = sourcecode.swift; path = PlayerTurnView.swift; sourceTree = "<group>"; };
/* End PBXFileReference section */

/* Begin PBXFrameworksBuildPhase section */
		53764AD32BD7F1C30066E371 /* Frameworks */ = {
			isa = PBXFrameworksBuildPhase;
			buildActionMask = 2147483647;
			files = (
				53764AED2BD8D0B30066E371 /* ColorKit in Frameworks */,
			);
			runOnlyForDeploymentPostprocessing = 0;
		};
/* End PBXFrameworksBuildPhase section */

/* Begin PBXGroup section */
		53665C412BDE7AFE00B7419D /* Main */ = {
			isa = PBXGroup;
			children = (
				53764AE92BD7F7450066E371 /* PlayView.swift */,
			);
			path = Main;
			sourceTree = "<group>";
		};
		53665C422BDE7B0500B7419D /* Sub */ = {
			isa = PBXGroup;
			children = (
				53665C4C2BDF71A300B7419D /* Result */,
				539A17672BDB8F21002A46F2 /* PlayerTransitionView.swift */,
				539A17782BDD125F002A46F2 /* PlayerTurnView.swift */,
				53665C4A2BDF24F400B7419D /* WinnerView.swift */,
				53665C5C2BDFF3A700B7419D /* CameraView.swift */,
			);
			path = Sub;
			sourceTree = "<group>";
		};
		53665C432BDE7B2800B7419D /* Main */ = {
			isa = PBXGroup;
			children = (
				53665C452BDE7B5200B7419D /* HomeView.swift */,
			);
			path = Main;
			sourceTree = "<group>";
		};
		53665C442BDE7B3C00B7419D /* Sub */ = {
			isa = PBXGroup;
			children = (
				539A17652BDB7A08002A46F2 /* PlayerNumberView.swift */,
				53764ADB2BD7F1C30066E371 /* StartView.swift */,
			);
			path = Sub;
			sourceTree = "<group>";
		};
		53665C4C2BDF71A300B7419D /* Result */ = {
			isa = PBXGroup;
			children = (
				53665C482BDE983C00B7419D /* ResultOneView.swift */,
				53665C4D2BDF725E00B7419D /* ResultTwoView.swift */,
				53665C502BDF930900B7419D /* ResultThreeView.swift */,
				53665C522BDF9CEA00B7419D /* ResultFourView.swift */,
			);
			path = Result;
			sourceTree = "<group>";
		};
		53764ACD2BD7F1C30066E371 = {
			isa = PBXGroup;
			children = (
				53764AD82BD7F1C30066E371 /* Color-Hunt */,
				53764AD72BD7F1C30066E371 /* Products */,
			);
			sourceTree = "<group>";
		};
		53764AD72BD7F1C30066E371 /* Products */ = {
			isa = PBXGroup;
			children = (
				53764AD62BD7F1C30066E371 /* Color-Hunt.app */,
			);
			name = Products;
			sourceTree = "<group>";
		};
		53764AD82BD7F1C30066E371 /* Color-Hunt */ = {
			isa = PBXGroup;
			children = (
				53665C542BDF9F7900B7419D /* backgroundMusic.mp4 */,
				53665C4F2BDF907800B7419D /* Info.plist */,
				53764AD92BD7F1C30066E371 /* Color_HuntApp.swift */,
				539A176B2BDB9730002A46F2 /* Models */,
				539A176E2BDBA064002A46F2 /* Views */,
				539A17732BDBA28C002A46F2 /* ViewModels */,
				53764ADD2BD7F1C40066E371 /* Assets.xcassets */,
				53764ADF2BD7F1C40066E371 /* Preview Content */,
				53665C562BDFA16600B7419D /* AudioManager.swift */,
			);
			path = "Color-Hunt";
			sourceTree = "<group>";
		};
		53764ADF2BD7F1C40066E371 /* Preview Content */ = {
			isa = PBXGroup;
			children = (
				53764AE02BD7F1C40066E371 /* Preview Assets.xcassets */,
			);
			path = "Preview Content";
			sourceTree = "<group>";
		};
		539A176B2BDB9730002A46F2 /* Models */ = {
			isa = PBXGroup;
			children = (
				539A176C2BDB9744002A46F2 /* Result.swift */,
			);
			path = Models;
			sourceTree = "<group>";
		};
		539A176E2BDBA064002A46F2 /* Views */ = {
			isa = PBXGroup;
			children = (
				539A17762BDCB0CE002A46F2 /* Home */,
				539A17772BDCB0E9002A46F2 /* Play */,
			);
			path = Views;
			sourceTree = "<group>";
		};
		539A17732BDBA28C002A46F2 /* ViewModels */ = {
			isa = PBXGroup;
			children = (
				539A17742BDBA2A4002A46F2 /* PlayViewModel.swift */,
			);
			path = ViewModels;
			sourceTree = "<group>";
		};
		539A17762BDCB0CE002A46F2 /* Home */ = {
			isa = PBXGroup;
			children = (
				53665C432BDE7B2800B7419D /* Main */,
				53665C442BDE7B3C00B7419D /* Sub */,
			);
			path = Home;
			sourceTree = "<group>";
		};
		539A17772BDCB0E9002A46F2 /* Play */ = {
			isa = PBXGroup;
			children = (
				53665C412BDE7AFE00B7419D /* Main */,
				53665C422BDE7B0500B7419D /* Sub */,
			);
			path = Play;
			sourceTree = "<group>";
		};
/* End PBXGroup section */

/* Begin PBXNativeTarget section */
		53764AD52BD7F1C30066E371 /* Color-Hunt */ = {
			isa = PBXNativeTarget;
			buildConfigurationList = 53764AE42BD7F1C40066E371 /* Build configuration list for PBXNativeTarget "Color-Hunt" */;
			buildPhases = (
				53764AD22BD7F1C30066E371 /* Sources */,
				53764AD32BD7F1C30066E371 /* Frameworks */,
				53764AD42BD7F1C30066E371 /* Resources */,
			);
			buildRules = (
			);
			dependencies = (
			);
			name = "Color-Hunt";
			packageProductDependencies = (
				53764AEC2BD8D0B30066E371 /* ColorKit */,
			);
			productName = "Color-Hunt";
			productReference = 53764AD62BD7F1C30066E371 /* Color-Hunt.app */;
			productType = "com.apple.product-type.application";
		};
/* End PBXNativeTarget section */

/* Begin PBXProject section */
		53764ACE2BD7F1C30066E371 /* Project object */ = {
			isa = PBXProject;
			attributes = {
				BuildIndependentTargetsInParallel = 1;
				LastSwiftUpdateCheck = 1530;
				LastUpgradeCheck = 1530;
				TargetAttributes = {
					53764AD52BD7F1C30066E371 = {
						CreatedOnToolsVersion = 15.3;
					};
				};
			};
			buildConfigurationList = 53764AD12BD7F1C30066E371 /* Build configuration list for PBXProject "Color-Hunt" */;
			compatibilityVersion = "Xcode 14.0";
			developmentRegion = en;
			hasScannedForEncodings = 0;
			knownRegions = (
				en,
				Base,
			);
			mainGroup = 53764ACD2BD7F1C30066E371;
			packageReferences = (
				53764AEB2BD8D0B30066E371 /* XCRemoteSwiftPackageReference "ColorKit" */,
			);
			productRefGroup = 53764AD72BD7F1C30066E371 /* Products */;
			projectDirPath = "";
			projectRoot = "";
			targets = (
				53764AD52BD7F1C30066E371 /* Color-Hunt */,
			);
		};
/* End PBXProject section */

/* Begin PBXResourcesBuildPhase section */
		53764AD42BD7F1C30066E371 /* Resources */ = {
			isa = PBXResourcesBuildPhase;
			buildActionMask = 2147483647;
			files = (
				53764AE12BD7F1C40066E371 /* Preview Assets.xcassets in Resources */,
				53665C552BDF9F7900B7419D /* backgroundMusic.mp4 in Resources */,
				53764ADE2BD7F1C40066E371 /* Assets.xcassets in Resources */,
			);
			runOnlyForDeploymentPostprocessing = 0;
		};
/* End PBXResourcesBuildPhase section */

/* Begin PBXSourcesBuildPhase section */
		53764AD22BD7F1C30066E371 /* Sources */ = {
			isa = PBXSourcesBuildPhase;
			buildActionMask = 2147483647;
			files = (
				53665C512BDF930900B7419D /* ResultThreeView.swift in Sources */,
				539A17752BDBA2A4002A46F2 /* PlayViewModel.swift in Sources */,
				53665C5D2BDFF3A700B7419D /* CameraView.swift in Sources */,
				53665C572BDFA16600B7419D /* AudioManager.swift in Sources */,
				53665C4E2BDF725E00B7419D /* ResultTwoView.swift in Sources */,
				53665C492BDE983C00B7419D /* ResultOneView.swift in Sources */,
				53665C532BDF9CEA00B7419D /* ResultFourView.swift in Sources */,
				53764AEA2BD7F7450066E371 /* PlayView.swift in Sources */,
				53764ADC2BD7F1C30066E371 /* StartView.swift in Sources */,
				539A17662BDB7A08002A46F2 /* PlayerNumberView.swift in Sources */,
				53665C462BDE7B5200B7419D /* HomeView.swift in Sources */,
				53764ADA2BD7F1C30066E371 /* Color_HuntApp.swift in Sources */,
				539A176D2BDB9744002A46F2 /* Result.swift in Sources */,
				539A17792BDD125F002A46F2 /* PlayerTurnView.swift in Sources */,
				53665C4B2BDF24F400B7419D /* WinnerView.swift in Sources */,
				539A17682BDB8F21002A46F2 /* PlayerTransitionView.swift in Sources */,
			);
			runOnlyForDeploymentPostprocessing = 0;
		};
/* End PBXSourcesBuildPhase section */

/* Begin XCBuildConfiguration section */
		53764AE22BD7F1C40066E371 /* Debug */ = {
			isa = XCBuildConfiguration;
			buildSettings = {
				ALWAYS_SEARCH_USER_PATHS = NO;
				ASSETCATALOG_COMPILER_GENERATE_SWIFT_ASSET_SYMBOL_EXTENSIONS = YES;
				CLANG_ANALYZER_NONNULL = YES;
				CLANG_ANALYZER_NUMBER_OBJECT_CONVERSION = YES_AGGRESSIVE;
				CLANG_CXX_LANGUAGE_STANDARD = "gnu++20";
				CLANG_ENABLE_MODULES = YES;
				CLANG_ENABLE_OBJC_ARC = YES;
				CLANG_ENABLE_OBJC_WEAK = YES;
				CLANG_WARN_BLOCK_CAPTURE_AUTORELEASING = YES;
				CLANG_WARN_BOOL_CONVERSION = YES;
				CLANG_WARN_COMMA = YES;
				CLANG_WARN_CONSTANT_CONVERSION = YES;
				CLANG_WARN_DEPRECATED_OBJC_IMPLEMENTATIONS = YES;
				CLANG_WARN_DIRECT_OBJC_ISA_USAGE = YES_ERROR;
				CLANG_WARN_DOCUMENTATION_COMMENTS = YES;
				CLANG_WARN_EMPTY_BODY = YES;
				CLANG_WARN_ENUM_CONVERSION = YES;
				CLANG_WARN_INFINITE_RECURSION = YES;
				CLANG_WARN_INT_CONVERSION = YES;
				CLANG_WARN_NON_LITERAL_NULL_CONVERSION = YES;
				CLANG_WARN_OBJC_IMPLICIT_RETAIN_SELF = YES;
				CLANG_WARN_OBJC_LITERAL_CONVERSION = YES;
				CLANG_WARN_OBJC_ROOT_CLASS = YES_ERROR;
				CLANG_WARN_QUOTED_INCLUDE_IN_FRAMEWORK_HEADER = YES;
				CLANG_WARN_RANGE_LOOP_ANALYSIS = YES;
				CLANG_WARN_STRICT_PROTOTYPES = YES;
				CLANG_WARN_SUSPICIOUS_MOVE = YES;
				CLANG_WARN_UNGUARDED_AVAILABILITY = YES_AGGRESSIVE;
				CLANG_WARN_UNREACHABLE_CODE = YES;
				CLANG_WARN__DUPLICATE_METHOD_MATCH = YES;
				COPY_PHASE_STRIP = NO;
				DEBUG_INFORMATION_FORMAT = dwarf;
				ENABLE_STRICT_OBJC_MSGSEND = YES;
				ENABLE_TESTABILITY = YES;
				ENABLE_USER_SCRIPT_SANDBOXING = YES;
				GCC_C_LANGUAGE_STANDARD = gnu17;
				GCC_DYNAMIC_NO_PIC = NO;
				GCC_NO_COMMON_BLOCKS = YES;
				GCC_OPTIMIZATION_LEVEL = 0;
				GCC_PREPROCESSOR_DEFINITIONS = (
					"DEBUG=1",
					"$(inherited)",
				);
				GCC_WARN_64_TO_32_BIT_CONVERSION = YES;
				GCC_WARN_ABOUT_RETURN_TYPE = YES_ERROR;
				GCC_WARN_UNDECLARED_SELECTOR = YES;
				GCC_WARN_UNINITIALIZED_AUTOS = YES_AGGRESSIVE;
				GCC_WARN_UNUSED_FUNCTION = YES;
				GCC_WARN_UNUSED_VARIABLE = YES;
				IPHONEOS_DEPLOYMENT_TARGET = 17.4;
				LOCALIZATION_PREFERS_STRING_CATALOGS = YES;
				MTL_ENABLE_DEBUG_INFO = INCLUDE_SOURCE;
				MTL_FAST_MATH = YES;
				ONLY_ACTIVE_ARCH = YES;
				SDKROOT = iphoneos;
				SWIFT_ACTIVE_COMPILATION_CONDITIONS = "DEBUG $(inherited)";
				SWIFT_OPTIMIZATION_LEVEL = "-Onone";
			};
			name = Debug;
		};
		53764AE32BD7F1C40066E371 /* Release */ = {
			isa = XCBuildConfiguration;
			buildSettings = {
				ALWAYS_SEARCH_USER_PATHS = NO;
				ASSETCATALOG_COMPILER_GENERATE_SWIFT_ASSET_SYMBOL_EXTENSIONS = YES;
				CLANG_ANALYZER_NONNULL = YES;
				CLANG_ANALYZER_NUMBER_OBJECT_CONVERSION = YES_AGGRESSIVE;
				CLANG_CXX_LANGUAGE_STANDARD = "gnu++20";
				CLANG_ENABLE_MODULES = YES;
				CLANG_ENABLE_OBJC_ARC = YES;
				CLANG_ENABLE_OBJC_WEAK = YES;
				CLANG_WARN_BLOCK_CAPTURE_AUTORELEASING = YES;
				CLANG_WARN_BOOL_CONVERSION = YES;
				CLANG_WARN_COMMA = YES;
				CLANG_WARN_CONSTANT_CONVERSION = YES;
				CLANG_WARN_DEPRECATED_OBJC_IMPLEMENTATIONS = YES;
				CLANG_WARN_DIRECT_OBJC_ISA_USAGE = YES_ERROR;
				CLANG_WARN_DOCUMENTATION_COMMENTS = YES;
				CLANG_WARN_EMPTY_BODY = YES;
				CLANG_WARN_ENUM_CONVERSION = YES;
				CLANG_WARN_INFINITE_RECURSION = YES;
				CLANG_WARN_INT_CONVERSION = YES;
				CLANG_WARN_NON_LITERAL_NULL_CONVERSION = YES;
				CLANG_WARN_OBJC_IMPLICIT_RETAIN_SELF = YES;
				CLANG_WARN_OBJC_LITERAL_CONVERSION = YES;
				CLANG_WARN_OBJC_ROOT_CLASS = YES_ERROR;
				CLANG_WARN_QUOTED_INCLUDE_IN_FRAMEWORK_HEADER = YES;
				CLANG_WARN_RANGE_LOOP_ANALYSIS = YES;
				CLANG_WARN_STRICT_PROTOTYPES = YES;
				CLANG_WARN_SUSPICIOUS_MOVE = YES;
				CLANG_WARN_UNGUARDED_AVAILABILITY = YES_AGGRESSIVE;
				CLANG_WARN_UNREACHABLE_CODE = YES;
				CLANG_WARN__DUPLICATE_METHOD_MATCH = YES;
				COPY_PHASE_STRIP = NO;
				DEBUG_INFORMATION_FORMAT = "dwarf-with-dsym";
				ENABLE_NS_ASSERTIONS = NO;
				ENABLE_STRICT_OBJC_MSGSEND = YES;
				ENABLE_USER_SCRIPT_SANDBOXING = YES;
				GCC_C_LANGUAGE_STANDARD = gnu17;
				GCC_NO_COMMON_BLOCKS = YES;
				GCC_WARN_64_TO_32_BIT_CONVERSION = YES;
				GCC_WARN_ABOUT_RETURN_TYPE = YES_ERROR;
				GCC_WARN_UNDECLARED_SELECTOR = YES;
				GCC_WARN_UNINITIALIZED_AUTOS = YES_AGGRESSIVE;
				GCC_WARN_UNUSED_FUNCTION = YES;
				GCC_WARN_UNUSED_VARIABLE = YES;
				IPHONEOS_DEPLOYMENT_TARGET = 17.4;
				LOCALIZATION_PREFERS_STRING_CATALOGS = YES;
				MTL_ENABLE_DEBUG_INFO = NO;
				MTL_FAST_MATH = YES;
				SDKROOT = iphoneos;
				SWIFT_COMPILATION_MODE = wholemodule;
				VALIDATE_PRODUCT = YES;
			};
			name = Release;
		};
		53764AE52BD7F1C40066E371 /* Debug */ = {
			isa = XCBuildConfiguration;
			buildSettings = {
				ASSETCATALOG_COMPILER_APPICON_NAME = AppIcon;
				ASSETCATALOG_COMPILER_GLOBAL_ACCENT_COLOR_NAME = AccentColor;
				CODE_SIGN_STYLE = Automatic;
				CURRENT_PROJECT_VERSION = 1;
				DEVELOPMENT_ASSET_PATHS = "\"Color-Hunt/Preview Content\"";
				DEVELOPMENT_TEAM = XJ7Y6VR3NN;
				ENABLE_PREVIEWS = YES;
				GENERATE_INFOPLIST_FILE = YES;
				INFOPLIST_FILE = "Color-Hunt/Info.plist";
				INFOPLIST_KEY_NSCameraUsageDescription = "";
				INFOPLIST_KEY_NSFileProviderDomainUsageDescription = "";
				INFOPLIST_KEY_NSPhotoLibraryAddUsageDescription = "";
				INFOPLIST_KEY_NSPhotoLibraryUsageDescription = "";
				INFOPLIST_KEY_UIApplicationSceneManifest_Generation = YES;
				INFOPLIST_KEY_UIApplicationSupportsIndirectInputEvents = YES;
				INFOPLIST_KEY_UILaunchScreen_Generation = YES;
				INFOPLIST_KEY_UIRequiresFullScreen = YES;
				INFOPLIST_KEY_UIStatusBarStyle = "";
				INFOPLIST_KEY_UISupportedInterfaceOrientations = UIInterfaceOrientationPortrait;
				INFOPLIST_KEY_UIUserInterfaceStyle = Light;
				LD_RUNPATH_SEARCH_PATHS = (
					"$(inherited)",
					"@executable_path/Frameworks",
				);
				MARKETING_VERSION = 1.0;
				PRODUCT_BUNDLE_IDENTIFIER = "Nano-Challenge-1.Color-Hunt";
				PRODUCT_NAME = "$(TARGET_NAME)";
				SWIFT_EMIT_LOC_STRINGS = YES;
				SWIFT_VERSION = 5.0;
				TARGETED_DEVICE_FAMILY = "1,2";
			};
			name = Debug;
		};
		53764AE62BD7F1C40066E371 /* Release */ = {
			isa = XCBuildConfiguration;
			buildSettings = {
				ASSETCATALOG_COMPILER_APPICON_NAME = AppIcon;
				ASSETCATALOG_COMPILER_GLOBAL_ACCENT_COLOR_NAME = AccentColor;
				CODE_SIGN_STYLE = Automatic;
				CURRENT_PROJECT_VERSION = 1;
				DEVELOPMENT_ASSET_PATHS = "\"Color-Hunt/Preview Content\"";
				DEVELOPMENT_TEAM = XJ7Y6VR3NN;
				ENABLE_PREVIEWS = YES;
				GENERATE_INFOPLIST_FILE = YES;
				INFOPLIST_FILE = "Color-Hunt/Info.plist";
				INFOPLIST_KEY_NSCameraUsageDescription = "";
				INFOPLIST_KEY_NSFileProviderDomainUsageDescription = "";
				INFOPLIST_KEY_NSPhotoLibraryAddUsageDescription = "";
				INFOPLIST_KEY_NSPhotoLibraryUsageDescription = "";
				INFOPLIST_KEY_UIApplicationSceneManifest_Generation = YES;
				INFOPLIST_KEY_UIApplicationSupportsIndirectInputEvents = YES;
				INFOPLIST_KEY_UILaunchScreen_Generation = YES;
				INFOPLIST_KEY_UIRequiresFullScreen = YES;
				INFOPLIST_KEY_UIStatusBarStyle = "";
				INFOPLIST_KEY_UISupportedInterfaceOrientations = UIInterfaceOrientationPortrait;
				INFOPLIST_KEY_UIUserInterfaceStyle = Light;
				LD_RUNPATH_SEARCH_PATHS = (
					"$(inherited)",
					"@executable_path/Frameworks",
				);
				MARKETING_VERSION = 1.0;
				PRODUCT_BUNDLE_IDENTIFIER = "Nano-Challenge-1.Color-Hunt";
				PRODUCT_NAME = "$(TARGET_NAME)";
				SWIFT_EMIT_LOC_STRINGS = YES;
				SWIFT_VERSION = 5.0;
				TARGETED_DEVICE_FAMILY = "1,2";
			};
			name = Release;
		};
/* End XCBuildConfiguration section */

/* Begin XCConfigurationList section */
		53764AD12BD7F1C30066E371 /* Build configuration list for PBXProject "Color-Hunt" */ = {
			isa = XCConfigurationList;
			buildConfigurations = (
				53764AE22BD7F1C40066E371 /* Debug */,
				53764AE32BD7F1C40066E371 /* Release */,
			);
			defaultConfigurationIsVisible = 0;
			defaultConfigurationName = Release;
		};
		53764AE42BD7F1C40066E371 /* Build configuration list for PBXNativeTarget "Color-Hunt" */ = {
			isa = XCConfigurationList;
			buildConfigurations = (
				53764AE52BD7F1C40066E371 /* Debug */,
				53764AE62BD7F1C40066E371 /* Release */,
			);
			defaultConfigurationIsVisible = 0;
			defaultConfigurationName = Release;
		};
/* End XCConfigurationList section */

/* Begin XCRemoteSwiftPackageReference section */
		53764AEB2BD8D0B30066E371 /* XCRemoteSwiftPackageReference "ColorKit" */ = {
			isa = XCRemoteSwiftPackageReference;
			repositoryURL = "https://github.com/Boris-Em/ColorKit.git";
			requirement = {
				branch = master;
				kind = branch;
			};
		};
/* End XCRemoteSwiftPackageReference section */

/* Begin XCSwiftPackageProductDependency section */
		53764AEC2BD8D0B30066E371 /* ColorKit */ = {
			isa = XCSwiftPackageProductDependency;
			package = 53764AEB2BD8D0B30066E371 /* XCRemoteSwiftPackageReference "ColorKit" */;
			productName = ColorKit;
		};
/* End XCSwiftPackageProductDependency section */
	};
	rootObject = 53764ACE2BD7F1C30066E371 /* Project object */;
}
